
Microsoft Visual Studio Solution File, Format Version 12.00
# Visual Studio Version 17
VisualStudioVersion = 17.14.36518.9 d17.14
MinimumVisualStudioVersion = 10.0.40219.1
Project("{FAE04EC0-301F-11D3-BF4B-00C04F79EFBC}") = "module_2_gudangoop", "module_2_gudangoop\module_2_gudangoop.csproj", "{CA1D4A1D-6FB0-47DF-997D-B8B6335D39FF}"
EndProject
Global
	GlobalSection(SolutionConfigurationPlatforms) = preSolution
		Debug|Any CPU = Debug|Any CPU
		Release|Any CPU = Release|Any CPU
	EndGlobalSection
	GlobalSection(ProjectConfigurationPlatforms) = postSolution
		{CA1D4A1D-6FB0-47DF-997D-B8B6335D39FF}.Debug|Any CPU.ActiveCfg = Debug|Any CPU
		{CA1D4A1D-6FB0-47DF-997D-B8B6335D39FF}.Debug|Any CPU.Build.0 = Debug|Any CPU
		{CA1D4A1D-6FB0-47DF-997D-B8B6335D39FF}.Release|Any CPU.ActiveCfg = Release|Any CPU
		{CA1D4A1D-6FB0-47DF-997D-B8B6335D39FF}.Release|Any CPU.Build.0 = Release|Any CPU
	EndGlobalSection
	GlobalSection(SolutionProperties) = preSolution
		HideSolutionNode = FALSE
	EndGlobalSection
	GlobalSection(ExtensibilityGlobals) = postSolution
		SolutionGuid = {B04684D1-3FB2-4F06-BEBE-30D5EEB546BF}
	EndGlobalSection
EndGlobal
